
Microsoft Visual Studio Solution File, Format Version 12.00
# Visual Studio Version 17
VisualStudioVersion = 17.8.34601.278
MinimumVisualStudioVersion = 10.0.40219.1
Project("{FAE04EC0-301F-11D3-BF4B-00C04F79EFBC}") = "EdemHotel", "EdemHotel\EdemHotel.csproj", "{DA42C38C-3E81-47A8-A160-EDED09953729}"
EndProject
Global
	GlobalSection(SolutionConfigurationPlatforms) = preSolution
		Debug|Any CPU = Debug|Any CPU
		Release|Any CPU = Release|Any CPU
	EndGlobalSection
	GlobalSection(ProjectConfigurationPlatforms) = postSolution
		{DA42C38C-3E81-47A8-A160-EDED09953729}.Debug|Any CPU.ActiveCfg = Debug|Any CPU
		{DA42C38C-3E81-47A8-A160-EDED09953729}.Debug|Any CPU.Build.0 = Debug|Any CPU
		{DA42C38C-3E81-47A8-A160-EDED09953729}.Release|Any CPU.ActiveCfg = Release|Any CPU
		{DA42C38C-3E81-47A8-A160-EDED09953729}.Release|Any CPU.Build.0 = Release|Any CPU
	EndGlobalSection
	GlobalSection(SolutionProperties) = preSolution
		HideSolutionNode = FALSE
	EndGlobalSection
	GlobalSection(ExtensibilityGlobals) = postSolution
		SolutionGuid = {8E404EB4-660C-40AF-8064-12EF93D4D9ED}
	EndGlobalSection
EndGlobal
